
Microsoft Visual Studio Solution File, Format Version 12.00
# Visual Studio Version 17
VisualStudioVersion = 17.5.33502.453
MinimumVisualStudioVersion = 10.0.40219.1
Project("{FAE04EC0-301F-11D3-BF4B-00C04F79EFBC}") = "praktyk5", "praktyk5\praktyk5.csproj", "{9132D9D7-DE62-497D-9F2C-7022C3D2D051}"
EndProject
Global
	GlobalSection(SolutionConfigurationPlatforms) = preSolution
		Debug|Any CPU = Debug|Any CPU
		Release|Any CPU = Release|Any CPU
	EndGlobalSection
	GlobalSection(ProjectConfigurationPlatforms) = postSolution
		{9132D9D7-DE62-497D-9F2C-7022C3D2D051}.Debug|Any CPU.ActiveCfg = Debug|Any CPU
		{9132D9D7-DE62-497D-9F2C-7022C3D2D051}.Debug|Any CPU.Build.0 = Debug|Any CPU
		{9132D9D7-DE62-497D-9F2C-7022C3D2D051}.Release|Any CPU.ActiveCfg = Release|Any CPU
		{9132D9D7-DE62-497D-9F2C-7022C3D2D051}.Release|Any CPU.Build.0 = Release|Any CPU
	EndGlobalSection
	GlobalSection(SolutionProperties) = preSolution
		HideSolutionNode = FALSE
	EndGlobalSection
	GlobalSection(ExtensibilityGlobals) = postSolution
		SolutionGuid = {461698F7-9980-434B-9F1E-32EEDB46B98E}
	EndGlobalSection
EndGlobal
